
Microsoft Visual Studio Solution File, Format Version 12.00
# Visual Studio 15
Project("{FAE04EC0-301F-11D3-BF4B-00C04F79EFBC}") = "NmmStageMicro", "NmmStageMicro\NmmStageMicro.csproj", "{A3D56A37-1D22-48D0-9D3D-88BB03F52231}"
EndProject
Global
	GlobalSection(SolutionConfigurationPlatforms) = preSolution
		Debug|anycpu = Debug|anycpu
		Release|anycpu = Release|anycpu
	EndGlobalSection
	GlobalSection(ProjectConfigurationPlatforms) = postSolution
		{A3D56A37-1D22-48D0-9D3D-88BB03F52231}.Debug|anycpu.ActiveCfg = Debug|anycpu
		{A3D56A37-1D22-48D0-9D3D-88BB03F52231}.Debug|anycpu.Build.0 = Debug|anycpu
		{A3D56A37-1D22-48D0-9D3D-88BB03F52231}.Release|anycpu.ActiveCfg = Release|anycpu
		{A3D56A37-1D22-48D0-9D3D-88BB03F52231}.Release|anycpu.Build.0 = Release|anycpu
	EndGlobalSection
EndGlobal
